
Microsoft Visual Studio Solution File, Format Version 12.00
# Visual Studio Version 16
VisualStudioVersion = 16.0.31702.278
MinimumVisualStudioVersion = 10.0.40219.1
Project("{FAE04EC0-301F-11D3-BF4B-00C04F79EFBC}") = "Part3", "Part3.csproj", "{074F599B-8EF8-4B8E-8D2A-065D1F7AA96D}"
EndProject
Global
	GlobalSection(SolutionConfigurationPlatforms) = preSolution
		Debug|Any CPU = Debug|Any CPU
		Release|Any CPU = Release|Any CPU
	EndGlobalSection
	GlobalSection(ProjectConfigurationPlatforms) = postSolution
		{074F599B-8EF8-4B8E-8D2A-065D1F7AA96D}.Debug|Any CPU.ActiveCfg = Debug|Any CPU
		{074F599B-8EF8-4B8E-8D2A-065D1F7AA96D}.Debug|Any CPU.Build.0 = Debug|Any CPU
		{074F599B-8EF8-4B8E-8D2A-065D1F7AA96D}.Release|Any CPU.ActiveCfg = Release|Any CPU
		{074F599B-8EF8-4B8E-8D2A-065D1F7AA96D}.Release|Any CPU.Build.0 = Release|Any CPU
	EndGlobalSection
	GlobalSection(SolutionProperties) = preSolution
		HideSolutionNode = FALSE
	EndGlobalSection
	GlobalSection(ExtensibilityGlobals) = postSolution
		SolutionGuid = {EA299988-69A1-428F-A25F-333D34E0013B}
	EndGlobalSection
EndGlobal
